
Microsoft Visual Studio Solution File, Format Version 12.00
# Visual Studio Version 17
VisualStudioVersion = 17.3.32929.385
MinimumVisualStudioVersion = 10.0.40219.1
Project("{FAE04EC0-301F-11D3-BF4B-00C04F79EFBC}") = "TPWebformCarrito_BARRIENTO", "TPWebformCarrito_BARRIENTO.csproj", "{F41D3AC4-752E-4B3F-B8C6-F9B6064ECE72}"
EndProject
Global
	GlobalSection(SolutionConfigurationPlatforms) = preSolution
		Debug|Any CPU = Debug|Any CPU
		Release|Any CPU = Release|Any CPU
	EndGlobalSection
	GlobalSection(ProjectConfigurationPlatforms) = postSolution
		{F41D3AC4-752E-4B3F-B8C6-F9B6064ECE72}.Debug|Any CPU.ActiveCfg = Debug|Any CPU
		{F41D3AC4-752E-4B3F-B8C6-F9B6064ECE72}.Debug|Any CPU.Build.0 = Debug|Any CPU
		{F41D3AC4-752E-4B3F-B8C6-F9B6064ECE72}.Release|Any CPU.ActiveCfg = Release|Any CPU
		{F41D3AC4-752E-4B3F-B8C6-F9B6064ECE72}.Release|Any CPU.Build.0 = Release|Any CPU
	EndGlobalSection
	GlobalSection(SolutionProperties) = preSolution
		HideSolutionNode = FALSE
	EndGlobalSection
	GlobalSection(ExtensibilityGlobals) = postSolution
		SolutionGuid = {AF64E8DE-FBC0-4E61-ABDB-E7F3EE3E2BAC}
	EndGlobalSection
EndGlobal
